// !$*UTF8*$!
{
	archiveVersion = 1;
	classes = {
	};
	objectVersion = 50;
	objects = {

/* Begin PBXBuildFile section */
		330C237121B9D5C2009C777D /* MainNavigationViewController.swift in Sources */ = {isa = PBXBuildFile; fileRef = 330C237021B9D5C2009C777D /* MainNavigationViewController.swift */; };
		330D5E7A21BB531500E3667B /* PlaceMapDetailsViewController.swift in Sources */ = {isa = PBXBuildFile; fileRef = 330D5E7921BB531500E3667B /* PlaceMapDetailsViewController.swift */; };
		331B0A5921BB048B00B4F4D3 /* PlacesController.swift in Sources */ = {isa = PBXBuildFile; fileRef = 331B0A5821BB048B00B4F4D3 /* PlacesController.swift */; };
		331B0A5B21BB18C900B4F4D3 /* Place.swift in Sources */ = {isa = PBXBuildFile; fileRef = 331B0A5A21BB18C900B4F4D3 /* Place.swift */; };
		331B0A5D21BB2A6D00B4F4D3 /* MainTabViewController.swift in Sources */ = {isa = PBXBuildFile; fileRef = 331B0A5C21BB2A6D00B4F4D3 /* MainTabViewController.swift */; };
		331B0A5F21BB2D8100B4F4D3 /* ToDo in Resources */ = {isa = PBXBuildFile; fileRef = 331B0A5E21BB2D8100B4F4D3 /* ToDo */; };
		331B0A6121BB39F500B4F4D3 /* AddNewPlaceViewController.swift in Sources */ = {isa = PBXBuildFile; fileRef = 331B0A6021BB39F500B4F4D3 /* AddNewPlaceViewController.swift */; };
		335BA06C21BA8FCA006D59C1 /* MapViewController.swift in Sources */ = {isa = PBXBuildFile; fileRef = 335BA06B21BA8FCA006D59C1 /* MapViewController.swift */; };
		335BA06E21BA9598006D59C1 /* PlaceAnnotation.swift in Sources */ = {isa = PBXBuildFile; fileRef = 335BA06D21BA9598006D59C1 /* PlaceAnnotation.swift */; };
		335BA07021BAA375006D59C1 /* PlaceUtils.swift in Sources */ = {isa = PBXBuildFile; fileRef = 335BA06F21BAA375006D59C1 /* PlaceUtils.swift */; };
		3379A35C21B960F300C4BF8B /* AppDelegate.swift in Sources */ = {isa = PBXBuildFile; fileRef = 3379A35B21B960F300C4BF8B /* AppDelegate.swift */; };
		3379A36121B960F300C4BF8B /* Main.storyboard in Resources */ = {isa = PBXBuildFile; fileRef = 3379A35F21B960F300C4BF8B /* Main.storyboard */; };
		3379A36321B960F300C4BF8B /* Assets.xcassets in Resources */ = {isa = PBXBuildFile; fileRef = 3379A36221B960F300C4BF8B /* Assets.xcassets */; };
		3379A36621B960F300C4BF8B /* LaunchScreen.storyboard in Resources */ = {isa = PBXBuildFile; fileRef = 3379A36421B960F300C4BF8B /* LaunchScreen.storyboard */; };
		33D094B021B961EF00D9E7A7 /* GoogleService-Info.plist in Resources */ = {isa = PBXBuildFile; fileRef = 33D094AF21B961EF00D9E7A7 /* GoogleService-Info.plist */; };
		33D094B221B9627A00D9E7A7 /* LoginViewController.swift in Sources */ = {isa = PBXBuildFile; fileRef = 33D094B121B9627A00D9E7A7 /* LoginViewController.swift */; };
		33D094B521B97C9600D9E7A7 /* CustomButton.swift in Sources */ = {isa = PBXBuildFile; fileRef = 33D094B421B97C9600D9E7A7 /* CustomButton.swift */; };
		33D094B721B981A600D9E7A7 /* AccountController.swift in Sources */ = {isa = PBXBuildFile; fileRef = 33D094B621B981A600D9E7A7 /* AccountController.swift */; };
		33D094B921B982C800D9E7A7 /* StringUtils.swift in Sources */ = {isa = PBXBuildFile; fileRef = 33D094B821B982C800D9E7A7 /* StringUtils.swift */; };
		33D094BB21B9854C00D9E7A7 /* LoadingButton.swift in Sources */ = {isa = PBXBuildFile; fileRef = 33D094BA21B9854C00D9E7A7 /* LoadingButton.swift */; };
		33D094BD21B998EB00D9E7A7 /* SignUpViewController.swift in Sources */ = {isa = PBXBuildFile; fileRef = 33D094BC21B998EB00D9E7A7 /* SignUpViewController.swift */; };
		33E3836421BBD279000CB16C /* PlacesNearYouTableViewCell.xib in Resources */ = {isa = PBXBuildFile; fileRef = 33E3836321BBD279000CB16C /* PlacesNearYouTableViewCell.xib */; };
		33E3836621BBD2C4000CB16C /* PlacesNearYouCell.swift in Sources */ = {isa = PBXBuildFile; fileRef = 33E3836521BBD2C4000CB16C /* PlacesNearYouCell.swift */; };
		33E3836821BBD2F2000CB16C /* NearMeViewController.swift in Sources */ = {isa = PBXBuildFile; fileRef = 33E3836721BBD2F2000CB16C /* NearMeViewController.swift */; };
		33E3836A21BBD617000CB16C /* PlaceNearYouCollectionViewCell.xib in Resources */ = {isa = PBXBuildFile; fileRef = 33E3836921BBD617000CB16C /* PlaceNearYouCollectionViewCell.xib */; };
		33E3836C21BBD629000CB16C /* PlaceNearYouCollectionViewCell.swift in Sources */ = {isa = PBXBuildFile; fileRef = 33E3836B21BBD629000CB16C /* PlaceNearYouCollectionViewCell.swift */; };
		33E3836E21BBF070000CB16C /* PlaceRatedTableViewCell.xib in Resources */ = {isa = PBXBuildFile; fileRef = 33E3836D21BBF070000CB16C /* PlaceRatedTableViewCell.xib */; };
		33E3837021BBF080000CB16C /* PlaceRatedTableViewCell.swift in Sources */ = {isa = PBXBuildFile; fileRef = 33E3836F21BBF080000CB16C /* PlaceRatedTableViewCell.swift */; };
		781EAB703785F10B3403942E /* Pods_NearMe.framework in Frameworks */ = {isa = PBXBuildFile; fileRef = 9939348A8A853C5022EE3321 /* Pods_NearMe.framework */; };
/* End PBXBuildFile section */

/* Begin PBXFileReference section */
		073FE6881F0F294EB85A0C67 /* Pods-NearMe.release.xcconfig */ = {isa = PBXFileReference; includeInIndex = 1; lastKnownFileType = text.xcconfig; name = "Pods-NearMe.release.xcconfig"; path = "Pods/Target Support Files/Pods-NearMe/Pods-NearMe.release.xcconfig"; sourceTree = "<group>"; };
		330C237021B9D5C2009C777D /* MainNavigationViewController.swift */ = {isa = PBXFileReference; lastKnownFileType = sourcecode.swift; path = MainNavigationViewController.swift; sourceTree = "<group>"; };
		330D5E7921BB531500E3667B /* PlaceMapDetailsViewController.swift */ = {isa = PBXFileReference; lastKnownFileType = sourcecode.swift; path = PlaceMapDetailsViewController.swift; sourceTree = "<group>"; };
		331B0A5821BB048B00B4F4D3 /* PlacesController.swift */ = {isa = PBXFileReference; lastKnownFileType = sourcecode.swift; path = PlacesController.swift; sourceTree = "<group>"; };
		331B0A5A21BB18C900B4F4D3 /* Place.swift */ = {isa = PBXFileReference; lastKnownFileType = sourcecode.swift; path = Place.swift; sourceTree = "<group>"; };
		331B0A5C21BB2A6D00B4F4D3 /* MainTabViewController.swift */ = {isa = PBXFileReference; lastKnownFileType = sourcecode.swift; path = MainTabViewController.swift; sourceTree = "<group>"; };
		331B0A5E21BB2D8100B4F4D3 /* ToDo */ = {isa = PBXFileReference; lastKnownFileType = text; path = ToDo; sourceTree = "<group>"; };
		331B0A6021BB39F500B4F4D3 /* AddNewPlaceViewController.swift */ = {isa = PBXFileReference; lastKnownFileType = sourcecode.swift; path = AddNewPlaceViewController.swift; sourceTree = "<group>"; };
		335BA06B21BA8FCA006D59C1 /* MapViewController.swift */ = {isa = PBXFileReference; lastKnownFileType = sourcecode.swift; path = MapViewController.swift; sourceTree = "<group>"; };
		335BA06D21BA9598006D59C1 /* PlaceAnnotation.swift */ = {isa = PBXFileReference; lastKnownFileType = sourcecode.swift; path = PlaceAnnotation.swift; sourceTree = "<group>"; };
		335BA06F21BAA375006D59C1 /* PlaceUtils.swift */ = {isa = PBXFileReference; lastKnownFileType = sourcecode.swift; path = PlaceUtils.swift; sourceTree = "<group>"; };
		3379A35821B960F300C4BF8B /* NearMe.app */ = {isa = PBXFileReference; explicitFileType = wrapper.application; includeInIndex = 0; path = NearMe.app; sourceTree = BUILT_PRODUCTS_DIR; };
		3379A35B21B960F300C4BF8B /* AppDelegate.swift */ = {isa = PBXFileReference; lastKnownFileType = sourcecode.swift; path = AppDelegate.swift; sourceTree = "<group>"; };
		3379A36021B960F300C4BF8B /* Base */ = {isa = PBXFileReference; lastKnownFileType = file.storyboard; name = Base; path = Base.lproj/Main.storyboard; sourceTree = "<group>"; };
		3379A36221B960F300C4BF8B /* Assets.xcassets */ = {isa = PBXFileReference; lastKnownFileType = folder.assetcatalog; path = Assets.xcassets; sourceTree = "<group>"; };
		3379A36521B960F300C4BF8B /* Base */ = {isa = PBXFileReference; lastKnownFileType = file.storyboard; name = Base; path = Base.lproj/LaunchScreen.storyboard; sourceTree = "<group>"; };
		3379A36721B960F300C4BF8B /* Info.plist */ = {isa = PBXFileReference; lastKnownFileType = text.plist.xml; path = Info.plist; sourceTree = "<group>"; };
		33D094AF21B961EF00D9E7A7 /* GoogleService-Info.plist */ = {isa = PBXFileReference; fileEncoding = 4; lastKnownFileType = text.plist.xml; path = "GoogleService-Info.plist"; sourceTree = "<group>"; };
		33D094B121B9627A00D9E7A7 /* LoginViewController.swift */ = {isa = PBXFileReference; lastKnownFileType = sourcecode.swift; path = LoginViewController.swift; sourceTree = "<group>"; };
		33D094B421B97C9600D9E7A7 /* CustomButton.swift */ = {isa = PBXFileReference; lastKnownFileType = sourcecode.swift; path = CustomButton.swift; sourceTree = "<group>"; };
		33D094B621B981A600D9E7A7 /* AccountController.swift */ = {isa = PBXFileReference; lastKnownFileType = sourcecode.swift; path = AccountController.swift; sourceTree = "<group>"; };
		33D094B821B982C800D9E7A7 /* StringUtils.swift */ = {isa = PBXFileReference; lastKnownFileType = sourcecode.swift; path = StringUtils.swift; sourceTree = "<group>"; };
		33D094BA21B9854C00D9E7A7 /* LoadingButton.swift */ = {isa = PBXFileReference; lastKnownFileType = sourcecode.swift; path = LoadingButton.swift; sourceTree = "<group>"; };
		33D094BC21B998EB00D9E7A7 /* SignUpViewController.swift */ = {isa = PBXFileReference; lastKnownFileType = sourcecode.swift; path = SignUpViewController.swift; sourceTree = "<group>"; };
		33E3836321BBD279000CB16C /* PlacesNearYouTableViewCell.xib */ = {isa = PBXFileReference; lastKnownFileType = file.xib; path = PlacesNearYouTableViewCell.xib; sourceTree = "<group>"; };
		33E3836521BBD2C4000CB16C /* PlacesNearYouCell.swift */ = {isa = PBXFileReference; lastKnownFileType = sourcecode.swift; path = PlacesNearYouCell.swift; sourceTree = "<group>"; };
		33E3836721BBD2F2000CB16C /* NearMeViewController.swift */ = {isa = PBXFileReference; lastKnownFileType = sourcecode.swift; path = NearMeViewController.swift; sourceTree = "<group>"; };
		33E3836921BBD617000CB16C /* PlaceNearYouCollectionViewCell.xib */ = {isa = PBXFileReference; lastKnownFileType = file.xib; path = PlaceNearYouCollectionViewCell.xib; sourceTree = "<group>"; };
		33E3836B21BBD629000CB16C /* PlaceNearYouCollectionViewCell.swift */ = {isa = PBXFileReference; lastKnownFileType = sourcecode.swift; path = PlaceNearYouCollectionViewCell.swift; sourceTree = "<group>"; };
		33E3836D21BBF070000CB16C /* PlaceRatedTableViewCell.xib */ = {isa = PBXFileReference; lastKnownFileType = file.xib; path = PlaceRatedTableViewCell.xib; sourceTree = "<group>"; };
		33E3836F21BBF080000CB16C /* PlaceRatedTableViewCell.swift */ = {isa = PBXFileReference; lastKnownFileType = sourcecode.swift; path = PlaceRatedTableViewCell.swift; sourceTree = "<group>"; };
		8238DD43CBCE12C97C8F86D4 /* Pods-NearMe.debug.xcconfig */ = {isa = PBXFileReference; includeInIndex = 1; lastKnownFileType = text.xcconfig; name = "Pods-NearMe.debug.xcconfig"; path = "Pods/Target Support Files/Pods-NearMe/Pods-NearMe.debug.xcconfig"; sourceTree = "<group>"; };
		9939348A8A853C5022EE3321 /* Pods_NearMe.framework */ = {isa = PBXFileReference; explicitFileType = wrapper.framework; includeInIndex = 0; path = Pods_NearMe.framework; sourceTree = BUILT_PRODUCTS_DIR; };
/* End PBXFileReference section */

/* Begin PBXFrameworksBuildPhase section */
		3379A35521B960F300C4BF8B /* Frameworks */ = {
			isa = PBXFrameworksBuildPhase;
			buildActionMask = 2147483647;
			files = (
				781EAB703785F10B3403942E /* Pods_NearMe.framework in Frameworks */,
			);
			runOnlyForDeploymentPostprocessing = 0;
		};
/* End PBXFrameworksBuildPhase section */

/* Begin PBXGroup section */
		330C236D21B9D1B5009C777D /* Main storyboard */ = {
			isa = PBXGroup;
			children = (
				330C237021B9D5C2009C777D /* MainNavigationViewController.swift */,
				331B0A5C21BB2A6D00B4F4D3 /* MainTabViewController.swift */,
				33D094B121B9627A00D9E7A7 /* LoginViewController.swift */,
				33D094BC21B998EB00D9E7A7 /* SignUpViewController.swift */,
				335BA06B21BA8FCA006D59C1 /* MapViewController.swift */,
				331B0A6021BB39F500B4F4D3 /* AddNewPlaceViewController.swift */,
				330D5E7921BB531500E3667B /* PlaceMapDetailsViewController.swift */,
				33E3836721BBD2F2000CB16C /* NearMeViewController.swift */,
				33E3836521BBD2C4000CB16C /* PlacesNearYouCell.swift */,
				33E3836B21BBD629000CB16C /* PlaceNearYouCollectionViewCell.swift */,
				33E3836F21BBF080000CB16C /* PlaceRatedTableViewCell.swift */,
			);
			path = "Main storyboard";
			sourceTree = "<group>";
		};
		3379A34F21B960F300C4BF8B = {
			isa = PBXGroup;
			children = (
				3379A35A21B960F300C4BF8B /* NearMe */,
				3379A35921B960F300C4BF8B /* Products */,
				D71D6518C4D76FABD5BBBC86 /* Pods */,
				7A36225FD6CB06A53EB6D87A /* Frameworks */,
			);
			sourceTree = "<group>";
		};
		3379A35921B960F300C4BF8B /* Products */ = {
			isa = PBXGroup;
			children = (
				3379A35821B960F300C4BF8B /* NearMe.app */,
			);
			name = Products;
			sourceTree = "<group>";
		};
		3379A35A21B960F300C4BF8B /* NearMe */ = {
			isa = PBXGroup;
			children = (
				3379A35B21B960F300C4BF8B /* AppDelegate.swift */,
				33D094AE21B9614600D9E7A7 /* Model */,
				33D094AD21B9614000D9E7A7 /* View */,
				33D094AC21B9613A00D9E7A7 /* Controller */,
				3379A36221B960F300C4BF8B /* Assets.xcassets */,
				33D094AF21B961EF00D9E7A7 /* GoogleService-Info.plist */,
				3379A36721B960F300C4BF8B /* Info.plist */,
				331B0A5E21BB2D8100B4F4D3 /* ToDo */,
			);
			path = NearMe;
			sourceTree = "<group>";
		};
		33D094AC21B9613A00D9E7A7 /* Controller */ = {
			isa = PBXGroup;
			children = (
				335BA06F21BAA375006D59C1 /* PlaceUtils.swift */,
				33D094B821B982C800D9E7A7 /* StringUtils.swift */,
				33D094B621B981A600D9E7A7 /* AccountController.swift */,
				331B0A5821BB048B00B4F4D3 /* PlacesController.swift */,
			);
			path = Controller;
			sourceTree = "<group>";
		};
		33D094AD21B9614000D9E7A7 /* View */ = {
			isa = PBXGroup;
			children = (
				3379A36421B960F300C4BF8B /* LaunchScreen.storyboard */,
				3379A35F21B960F300C4BF8B /* Main.storyboard */,
				33E3836321BBD279000CB16C /* PlacesNearYouTableViewCell.xib */,
				33E3836921BBD617000CB16C /* PlaceNearYouCollectionViewCell.xib */,
				33E3836D21BBF070000CB16C /* PlaceRatedTableViewCell.xib */,
				330C236D21B9D1B5009C777D /* Main storyboard */,
			);
			path = View;
			sourceTree = "<group>";
		};
		33D094AE21B9614600D9E7A7 /* Model */ = {
			isa = PBXGroup;
			children = (
				33D094B321B97C8100D9E7A7 /* UIView */,
				331B0A5A21BB18C900B4F4D3 /* Place.swift */,
				335BA06D21BA9598006D59C1 /* PlaceAnnotation.swift */,
			);
			path = Model;
			sourceTree = "<group>";
		};
		33D094B321B97C8100D9E7A7 /* UIView */ = {
			isa = PBXGroup;
			children = (
				33D094B421B97C9600D9E7A7 /* CustomButton.swift */,
				33D094BA21B9854C00D9E7A7 /* LoadingButton.swift */,
			);
			path = UIView;
			sourceTree = "<group>";
		};
		7A36225FD6CB06A53EB6D87A /* Frameworks */ = {
			isa = PBXGroup;
			children = (
				9939348A8A853C5022EE3321 /* Pods_NearMe.framework */,
			);
			name = Frameworks;
			sourceTree = "<group>";
		};
		D71D6518C4D76FABD5BBBC86 /* Pods */ = {
			isa = PBXGroup;
			children = (
				8238DD43CBCE12C97C8F86D4 /* Pods-NearMe.debug.xcconfig */,
				073FE6881F0F294EB85A0C67 /* Pods-NearMe.release.xcconfig */,
			);
			name = Pods;
			sourceTree = "<group>";
		};
/* End PBXGroup section */

/* Begin PBXNativeTarget section */
		3379A35721B960F300C4BF8B /* NearMe */ = {
			isa = PBXNativeTarget;
			buildConfigurationList = 3379A36A21B960F300C4BF8B /* Build configuration list for PBXNativeTarget "NearMe" */;
			buildPhases = (
				2158A379865207E862089925 /* [CP] Check Pods Manifest.lock */,
				3379A35421B960F300C4BF8B /* Sources */,
				3379A35521B960F300C4BF8B /* Frameworks */,
				3379A35621B960F300C4BF8B /* Resources */,
				45C4B7EDA43AF1750CC1B439 /* [CP] Embed Pods Frameworks */,
				CDF869EE9EDA80C272EBDCAE /* [CP] Copy Pods Resources */,
			);
			buildRules = (
			);
			dependencies = (
			);
			name = NearMe;
			productName = NearMe;
			productReference = 3379A35821B960F300C4BF8B /* NearMe.app */;
			productType = "com.apple.product-type.application";
		};
/* End PBXNativeTarget section */

/* Begin PBXProject section */
		3379A35021B960F300C4BF8B /* Project object */ = {
			isa = PBXProject;
			attributes = {
				LastSwiftUpdateCheck = 1010;
				LastUpgradeCheck = 1010;
				ORGANIZATIONNAME = amine;
				TargetAttributes = {
					3379A35721B960F300C4BF8B = {
						CreatedOnToolsVersion = 10.1;
					};
				};
			};
			buildConfigurationList = 3379A35321B960F300C4BF8B /* Build configuration list for PBXProject "NearMe" */;
			compatibilityVersion = "Xcode 9.3";
			developmentRegion = en;
			hasScannedForEncodings = 0;
			knownRegions = (
				en,
				Base,
			);
			mainGroup = 3379A34F21B960F300C4BF8B;
			productRefGroup = 3379A35921B960F300C4BF8B /* Products */;
			projectDirPath = "";
			projectRoot = "";
			targets = (
				3379A35721B960F300C4BF8B /* NearMe */,
			);
		};
/* End PBXProject section */

/* Begin PBXResourcesBuildPhase section */
		3379A35621B960F300C4BF8B /* Resources */ = {
			isa = PBXResourcesBuildPhase;
			buildActionMask = 2147483647;
			files = (
				3379A36621B960F300C4BF8B /* LaunchScreen.storyboard in Resources */,
				331B0A5F21BB2D8100B4F4D3 /* ToDo in Resources */,
				33D094B021B961EF00D9E7A7 /* GoogleService-Info.plist in Resources */,
				3379A36321B960F300C4BF8B /* Assets.xcassets in Resources */,
				33E3836E21BBF070000CB16C /* PlaceRatedTableViewCell.xib in Resources */,
				3379A36121B960F300C4BF8B /* Main.storyboard in Resources */,
				33E3836A21BBD617000CB16C /* PlaceNearYouCollectionViewCell.xib in Resources */,
				33E3836421BBD279000CB16C /* PlacesNearYouTableViewCell.xib in Resources */,
			);
			runOnlyForDeploymentPostprocessing = 0;
		};
/* End PBXResourcesBuildPhase section */

/* Begin PBXShellScriptBuildPhase section */
		2158A379865207E862089925 /* [CP] Check Pods Manifest.lock */ = {
			isa = PBXShellScriptBuildPhase;
			buildActionMask = 2147483647;
			files = (
			);
			inputPaths = (
				"${PODS_PODFILE_DIR_PATH}/Podfile.lock",
				"${PODS_ROOT}/Manifest.lock",
			);
			name = "[CP] Check Pods Manifest.lock";
			outputPaths = (
				"$(DERIVED_FILE_DIR)/Pods-NearMe-checkManifestLockResult.txt",
			);
			runOnlyForDeploymentPostprocessing = 0;
			shellPath = /bin/sh;
			shellScript = "diff \"${PODS_PODFILE_DIR_PATH}/Podfile.lock\" \"${PODS_ROOT}/Manifest.lock\" > /dev/null\nif [ $? != 0 ] ; then\n    # print error to STDERR\n    echo \"error: The sandbox is not in sync with the Podfile.lock. Run 'pod install' or update your CocoaPods installation.\" >&2\n    exit 1\nfi\n# This output is used by Xcode 'outputs' to avoid re-running this script phase.\necho \"SUCCESS\" > \"${SCRIPT_OUTPUT_FILE_0}\"\n";
			showEnvVarsInLog = 0;
		};
		45C4B7EDA43AF1750CC1B439 /* [CP] Embed Pods Frameworks */ = {
			isa = PBXShellScriptBuildPhase;
			buildActionMask = 2147483647;
			files = (
			);
			inputPaths = (
				"${SRCROOT}/Pods/Target Support Files/Pods-NearMe/Pods-NearMe-frameworks.sh",
				"${BUILT_PRODUCTS_DIR}/Bolts/Bolts.framework",
				"${BUILT_PRODUCTS_DIR}/FBSDKCoreKit/FBSDKCoreKit.framework",
				"${BUILT_PRODUCTS_DIR}/FBSDKLoginKit/FBSDKLoginKit.framework",
				"${BUILT_PRODUCTS_DIR}/GTMSessionFetcher/GTMSessionFetcher.framework",
				"${BUILT_PRODUCTS_DIR}/GoogleToolboxForMac/GoogleToolboxForMac.framework",
				"${BUILT_PRODUCTS_DIR}/GoogleUtilities/GoogleUtilities.framework",
				"${BUILT_PRODUCTS_DIR}/HCSStarRatingView/HCSStarRatingView.framework",
				"${BUILT_PRODUCTS_DIR}/IQKeyboardManagerSwift/IQKeyboardManagerSwift.framework",
				"${BUILT_PRODUCTS_DIR}/Realm/Realm.framework",
				"${BUILT_PRODUCTS_DIR}/RealmSwift/RealmSwift.framework",
				"${BUILT_PRODUCTS_DIR}/SVProgressHUD/SVProgressHUD.framework",
				"${BUILT_PRODUCTS_DIR}/leveldb-library/leveldb.framework",
				"${BUILT_PRODUCTS_DIR}/nanopb/nanopb.framework",
			);
			name = "[CP] Embed Pods Frameworks";
			outputPaths = (
				"${TARGET_BUILD_DIR}/${FRAMEWORKS_FOLDER_PATH}/Bolts.framework",
				"${TARGET_BUILD_DIR}/${FRAMEWORKS_FOLDER_PATH}/FBSDKCoreKit.framework",
				"${TARGET_BUILD_DIR}/${FRAMEWORKS_FOLDER_PATH}/FBSDKLoginKit.framework",
				"${TARGET_BUILD_DIR}/${FRAMEWORKS_FOLDER_PATH}/GTMSessionFetcher.framework",
				"${TARGET_BUILD_DIR}/${FRAMEWORKS_FOLDER_PATH}/GoogleToolboxForMac.framework",
				"${TARGET_BUILD_DIR}/${FRAMEWORKS_FOLDER_PATH}/GoogleUtilities.framework",
				"${TARGET_BUILD_DIR}/${FRAMEWORKS_FOLDER_PATH}/HCSStarRatingView.framework",
				"${TARGET_BUILD_DIR}/${FRAMEWORKS_FOLDER_PATH}/IQKeyboardManagerSwift.framework",
				"${TARGET_BUILD_DIR}/${FRAMEWORKS_FOLDER_PATH}/Realm.framework",
				"${TARGET_BUILD_DIR}/${FRAMEWORKS_FOLDER_PATH}/RealmSwift.framework",
				"${TARGET_BUILD_DIR}/${FRAMEWORKS_FOLDER_PATH}/SVProgressHUD.framework",
				"${TARGET_BUILD_DIR}/${FRAMEWORKS_FOLDER_PATH}/leveldb.framework",
				"${TARGET_BUILD_DIR}/${FRAMEWORKS_FOLDER_PATH}/nanopb.framework",
			);
			runOnlyForDeploymentPostprocessing = 0;
			shellPath = /bin/sh;
			shellScript = "\"${SRCROOT}/Pods/Target Support Files/Pods-NearMe/Pods-NearMe-frameworks.sh\"\n";
			showEnvVarsInLog = 0;
		};
		CDF869EE9EDA80C272EBDCAE /* [CP] Copy Pods Resources */ = {
			isa = PBXShellScriptBuildPhase;
			buildActionMask = 2147483647;
			files = (
			);
			inputPaths = (
				"${SRCROOT}/Pods/Target Support Files/Pods-NearMe/Pods-NearMe-resources.sh",
				"${PODS_ROOT}/GoogleSignIn/Resources/GoogleSignIn.bundle",
			);
			name = "[CP] Copy Pods Resources";
			outputPaths = (
				"${TARGET_BUILD_DIR}/${UNLOCALIZED_RESOURCES_FOLDER_PATH}/GoogleSignIn.bundle",
			);
			runOnlyForDeploymentPostprocessing = 0;
			shellPath = /bin/sh;
			shellScript = "\"${SRCROOT}/Pods/Target Support Files/Pods-NearMe/Pods-NearMe-resources.sh\"\n";
			showEnvVarsInLog = 0;
		};
/* End PBXShellScriptBuildPhase section */

/* Begin PBXSourcesBuildPhase section */
		3379A35421B960F300C4BF8B /* Sources */ = {
			isa = PBXSourcesBuildPhase;
			buildActionMask = 2147483647;
			files = (
				33D094BB21B9854C00D9E7A7 /* LoadingButton.swift in Sources */,
				331B0A5B21BB18C900B4F4D3 /* Place.swift in Sources */,
				33D094BD21B998EB00D9E7A7 /* SignUpViewController.swift in Sources */,
				335BA06E21BA9598006D59C1 /* PlaceAnnotation.swift in Sources */,
				33D094B221B9627A00D9E7A7 /* LoginViewController.swift in Sources */,
				331B0A5D21BB2A6D00B4F4D3 /* MainTabViewController.swift in Sources */,
				330D5E7A21BB531500E3667B /* PlaceMapDetailsViewController.swift in Sources */,
				33E3836C21BBD629000CB16C /* PlaceNearYouCollectionViewCell.swift in Sources */,
				33D094B921B982C800D9E7A7 /* StringUtils.swift in Sources */,
				335BA06C21BA8FCA006D59C1 /* MapViewController.swift in Sources */,
				335BA07021BAA375006D59C1 /* PlaceUtils.swift in Sources */,
				33E3836821BBD2F2000CB16C /* NearMeViewController.swift in Sources */,
				33E3837021BBF080000CB16C /* PlaceRatedTableViewCell.swift in Sources */,
				33E3836621BBD2C4000CB16C /* PlacesNearYouCell.swift in Sources */,
				3379A35C21B960F300C4BF8B /* AppDelegate.swift in Sources */,
				331B0A5921BB048B00B4F4D3 /* PlacesController.swift in Sources */,
				330C237121B9D5C2009C777D /* MainNavigationViewController.swift in Sources */,
				33D094B521B97C9600D9E7A7 /* CustomButton.swift in Sources */,
				331B0A6121BB39F500B4F4D3 /* AddNewPlaceViewController.swift in Sources */,
				33D094B721B981A600D9E7A7 /* AccountController.swift in Sources */,
			);
			runOnlyForDeploymentPostprocessing = 0;
		};
/* End PBXSourcesBuildPhase section */

/* Begin PBXVariantGroup section */
		3379A35F21B960F300C4BF8B /* Main.storyboard */ = {
			isa = PBXVariantGroup;
			children = (
				3379A36021B960F300C4BF8B /* Base */,
			);
			name = Main.storyboard;
			sourceTree = "<group>";
		};
		3379A36421B960F300C4BF8B /* LaunchScreen.storyboard */ = {
			isa = PBXVariantGroup;
			children = (
				3379A36521B960F300C4BF8B /* Base */,
			);
			name = LaunchScreen.storyboard;
			sourceTree = "<group>";
		};
/* End PBXVariantGroup section */

/* Begin XCBuildConfiguration section */
		3379A36821B960F300C4BF8B /* Debug */ = {
			isa = XCBuildConfiguration;
			buildSettings = {
				ALWAYS_SEARCH_USER_PATHS = NO;
				CLANG_ANALYZER_NONNULL = YES;
				CLANG_ANALYZER_NUMBER_OBJECT_CONVERSION = YES_AGGRESSIVE;
				CLANG_CXX_LANGUAGE_STANDARD = "gnu++14";
				CLANG_CXX_LIBRARY = "libc++";
				CLANG_ENABLE_MODULES = YES;
				CLANG_ENABLE_OBJC_ARC = YES;
				CLANG_ENABLE_OBJC_WEAK = YES;
				CLANG_WARN_BLOCK_CAPTURE_AUTORELEASING = YES;
				CLANG_WARN_BOOL_CONVERSION = YES;
				CLANG_WARN_COMMA = YES;
				CLANG_WARN_CONSTANT_CONVERSION = YES;
				CLANG_WARN_DEPRECATED_OBJC_IMPLEMENTATIONS = YES;
				CLANG_WARN_DIRECT_OBJC_ISA_USAGE = YES_ERROR;
				CLANG_WARN_DOCUMENTATION_COMMENTS = YES;
				CLANG_WARN_EMPTY_BODY = YES;
				CLANG_WARN_ENUM_CONVERSION = YES;
				CLANG_WARN_INFINITE_RECURSION = YES;
				CLANG_WARN_INT_CONVERSION = YES;
				CLANG_WARN_NON_LITERAL_NULL_CONVERSION = YES;
				CLANG_WARN_OBJC_IMPLICIT_RETAIN_SELF = YES;
				CLANG_WARN_OBJC_LITERAL_CONVERSION = YES;
				CLANG_WARN_OBJC_ROOT_CLASS = YES_ERROR;
				CLANG_WARN_RANGE_LOOP_ANALYSIS = YES;
				CLANG_WARN_STRICT_PROTOTYPES = YES;
				CLANG_WARN_SUSPICIOUS_MOVE = YES;
				CLANG_WARN_UNGUARDED_AVAILABILITY = YES_AGGRESSIVE;
				CLANG_WARN_UNREACHABLE_CODE = YES;
				CLANG_WARN__DUPLICATE_METHOD_MATCH = YES;
				CODE_SIGN_IDENTITY = "iPhone Developer";
				COPY_PHASE_STRIP = NO;
				DEBUG_INFORMATION_FORMAT = dwarf;
				ENABLE_STRICT_OBJC_MSGSEND = YES;
				ENABLE_TESTABILITY = YES;
				GCC_C_LANGUAGE_STANDARD = gnu11;
				GCC_DYNAMIC_NO_PIC = NO;
				GCC_NO_COMMON_BLOCKS = YES;
				GCC_OPTIMIZATION_LEVEL = 0;
				GCC_PREPROCESSOR_DEFINITIONS = (
					"DEBUG=1",
					"$(inherited)",
				);
				GCC_WARN_64_TO_32_BIT_CONVERSION = YES;
				GCC_WARN_ABOUT_RETURN_TYPE = YES_ERROR;
				GCC_WARN_UNDECLARED_SELECTOR = YES;
				GCC_WARN_UNINITIALIZED_AUTOS = YES_AGGRESSIVE;
				GCC_WARN_UNUSED_FUNCTION = YES;
				GCC_WARN_UNUSED_VARIABLE = YES;
				IPHONEOS_DEPLOYMENT_TARGET = 12.1;
				MTL_ENABLE_DEBUG_INFO = INCLUDE_SOURCE;
				MTL_FAST_MATH = YES;
				ONLY_ACTIVE_ARCH = YES;
				SDKROOT = iphoneos;
				SWIFT_ACTIVE_COMPILATION_CONDITIONS = DEBUG;
				SWIFT_OPTIMIZATION_LEVEL = "-Onone";
			};
			name = Debug;
		};
		3379A36921B960F300C4BF8B /* Release */ = {
			isa = XCBuildConfiguration;
			buildSettings = {
				ALWAYS_SEARCH_USER_PATHS = NO;
				CLANG_ANALYZER_NONNULL = YES;
				CLANG_ANALYZER_NUMBER_OBJECT_CONVERSION = YES_AGGRESSIVE;
				CLANG_CXX_LANGUAGE_STANDARD = "gnu++14";
				CLANG_CXX_LIBRARY = "libc++";
				CLANG_ENABLE_MODULES = YES;
				CLANG_ENABLE_OBJC_ARC = YES;
				CLANG_ENABLE_OBJC_WEAK = YES;
				CLANG_WARN_BLOCK_CAPTURE_AUTORELEASING = YES;
				CLANG_WARN_BOOL_CONVERSION = YES;
				CLANG_WARN_COMMA = YES;
				CLANG_WARN_CONSTANT_CONVERSION = YES;
				CLANG_WARN_DEPRECATED_OBJC_IMPLEMENTATIONS = YES;
				CLANG_WARN_DIRECT_OBJC_ISA_USAGE = YES_ERROR;
				CLANG_WARN_DOCUMENTATION_COMMENTS = YES;
				CLANG_WARN_EMPTY_BODY = YES;
				CLANG_WARN_ENUM_CONVERSION = YES;
				CLANG_WARN_INFINITE_RECURSION = YES;
				CLANG_WARN_INT_CONVERSION = YES;
				CLANG_WARN_NON_LITERAL_NULL_CONVERSION = YES;
				CLANG_WARN_OBJC_IMPLICIT_RETAIN_SELF = YES;
				CLANG_WARN_OBJC_LITERAL_CONVERSION = YES;
				CLANG_WARN_OBJC_ROOT_CLASS = YES_ERROR;
				CLANG_WARN_RANGE_LOOP_ANALYSIS = YES;
				CLANG_WARN_STRICT_PROTOTYPES = YES;
				CLANG_WARN_SUSPICIOUS_MOVE = YES;
				CLANG_WARN_UNGUARDED_AVAILABILITY = YES_AGGRESSIVE;
				CLANG_WARN_UNREACHABLE_CODE = YES;
				CLANG_WARN__DUPLICATE_METHOD_MATCH = YES;
				CODE_SIGN_IDENTITY = "iPhone Developer";
				COPY_PHASE_STRIP = NO;
				DEBUG_INFORMATION_FORMAT = "dwarf-with-dsym";
				ENABLE_NS_ASSERTIONS = NO;
				ENABLE_STRICT_OBJC_MSGSEND = YES;
				GCC_C_LANGUAGE_STANDARD = gnu11;
				GCC_NO_COMMON_BLOCKS = YES;
				GCC_WARN_64_TO_32_BIT_CONVERSION = YES;
				GCC_WARN_ABOUT_RETURN_TYPE = YES_ERROR;
				GCC_WARN_UNDECLARED_SELECTOR = YES;
				GCC_WARN_UNINITIALIZED_AUTOS = YES_AGGRESSIVE;
				GCC_WARN_UNUSED_FUNCTION = YES;
				GCC_WARN_UNUSED_VARIABLE = YES;
				IPHONEOS_DEPLOYMENT_TARGET = 12.1;
				MTL_ENABLE_DEBUG_INFO = NO;
				MTL_FAST_MATH = YES;
				SDKROOT = iphoneos;
				SWIFT_COMPILATION_MODE = wholemodule;
				SWIFT_OPTIMIZATION_LEVEL = "-O";
				VALIDATE_PRODUCT = YES;
			};
			name = Release;
		};
		3379A36B21B960F300C4BF8B /* Debug */ = {
			isa = XCBuildConfiguration;
			baseConfigurationReference = 8238DD43CBCE12C97C8F86D4 /* Pods-NearMe.debug.xcconfig */;
			buildSettings = {
				ASSETCATALOG_COMPILER_APPICON_NAME = AppIcon;
				CODE_SIGN_STYLE = Automatic;
				DEVELOPMENT_TEAM = GXL4M9LBQ5;
				INFOPLIST_FILE = NearMe/Info.plist;
				IPHONEOS_DEPLOYMENT_TARGET = 10.0;
				LD_RUNPATH_SEARCH_PATHS = (
					"$(inherited)",
					"@executable_path/Frameworks",
				);
				PRODUCT_BUNDLE_IDENTIFIER = com.amine.NearMe;
				PRODUCT_NAME = "$(TARGET_NAME)";
				SWIFT_VERSION = 4.2;
				TARGETED_DEVICE_FAMILY = 1;
			};
			name = Debug;
		};
		3379A36C21B960F300C4BF8B /* Release */ = {
			isa = XCBuildConfiguration;
			baseConfigurationReference = 073FE6881F0F294EB85A0C67 /* Pods-NearMe.release.xcconfig */;
			buildSettings = {
				ASSETCATALOG_COMPILER_APPICON_NAME = AppIcon;
				CODE_SIGN_STYLE = Automatic;
				DEVELOPMENT_TEAM = GXL4M9LBQ5;
				INFOPLIST_FILE = NearMe/Info.plist;
				IPHONEOS_DEPLOYMENT_TARGET = 10.0;
				LD_RUNPATH_SEARCH_PATHS = (
					"$(inherited)",
					"@executable_path/Frameworks",
				);
				PRODUCT_BUNDLE_IDENTIFIER = com.amine.NearMe;
				PRODUCT_NAME = "$(TARGET_NAME)";
				SWIFT_VERSION = 4.2;
				TARGETED_DEVICE_FAMILY = 1;
			};
			name = Release;
		};
/* End XCBuildConfiguration section */

/* Begin XCConfigurationList section */
		3379A35321B960F300C4BF8B /* Build configuration list for PBXProject "NearMe" */ = {
			isa = XCConfigurationList;
			buildConfigurations = (
				3379A36821B960F300C4BF8B /* Debug */,
				3379A36921B960F300C4BF8B /* Release */,
			);
			defaultConfigurationIsVisible = 0;
			defaultConfigurationName = Release;
		};
		3379A36A21B960F300C4BF8B /* Build configuration list for PBXNativeTarget "NearMe" */ = {
			isa = XCConfigurationList;
			buildConfigurations = (
				3379A36B21B960F300C4BF8B /* Debug */,
				3379A36C21B960F300C4BF8B /* Release */,
			);
			defaultConfigurationIsVisible = 0;
			defaultConfigurationName = Release;
		};
/* End XCConfigurationList section */
	};
	rootObject = 3379A35021B960F300C4BF8B /* Project object */;
}
